// !$*UTF8*$!
{
	archiveVersion = 1;
	classes = {
	};
	objectVersion = 46;
	objects = {

/* Begin PBXBuildFile section */
		91873CB31C9AEAF700169EAA /* AppDelegate.swift in Sources */ = {isa = PBXBuildFile; fileRef = 91873CB21C9AEAF700169EAA /* AppDelegate.swift */; };
		91873CB51C9AEAF700169EAA /* ViewController.swift in Sources */ = {isa = PBXBuildFile; fileRef = 91873CB41C9AEAF700169EAA /* ViewController.swift */; };
		91873CB81C9AEAF700169EAA /* Main.storyboard in Resources */ = {isa = PBXBuildFile; fileRef = 91873CB61C9AEAF700169EAA /* Main.storyboard */; };
		91873CBA1C9AEAF700169EAA /* Assets.xcassets in Resources */ = {isa = PBXBuildFile; fileRef = 91873CB91C9AEAF700169EAA /* Assets.xcassets */; };
		91873CBD1C9AEAF700169EAA /* LaunchScreen.storyboard in Resources */ = {isa = PBXBuildFile; fileRef = 91873CBB1C9AEAF700169EAA /* LaunchScreen.storyboard */; };
/* End PBXBuildFile section */

/* Begin PBXFileReference section */
		91873CAF1C9AEAF700169EAA /* DeviceGuru.app */ = {isa = PBXFileReference; explicitFileType = wrapper.application; includeInIndex = 0; path = DeviceGuru.app; sourceTree = BUILT_PRODUCTS_DIR; };
		91873CB21C9AEAF700169EAA /* AppDelegate.swift */ = {isa = PBXFileReference; lastKnownFileType = sourcecode.swift; path = AppDelegate.swift; sourceTree = "<group>"; };
		91873CB41C9AEAF700169EAA /* ViewController.swift */ = {isa = PBXFileReference; lastKnownFileType = sourcecode.swift; path = ViewController.swift; sourceTree = "<group>"; };
		91873CB71C9AEAF700169EAA /* Base */ = {isa = PBXFileReference; lastKnownFileType = file.storyboard; name = Base; path = Base.lproj/Main.storyboard; sourceTree = "<group>"; };
		91873CB91C9AEAF700169EAA /* Assets.xcassets */ = {isa = PBXFileReference; lastKnownFileType = folder.assetcatalog; path = Assets.xcassets; sourceTree = "<group>"; };
		91873CBC1C9AEAF700169EAA /* Base */ = {isa = PBXFileReference; lastKnownFileType = file.storyboard; name = Base; path = Base.lproj/LaunchScreen.storyboard; sourceTree = "<group>"; };
		91873CBE1C9AEAF700169EAA /* Info.plist */ = {isa = PBXFileReference; lastKnownFileType = text.plist.xml; path = Info.plist; sourceTree = "<group>"; };
/* End PBXFileReference section */

/* Begin PBXFrameworksBuildPhase section */
		91873CAC1C9AEAF700169EAA /* Frameworks */ = {
			isa = PBXFrameworksBuildPhase;
			buildActionMask = 2147483647;
			files = (
			);
			runOnlyForDeploymentPostprocessing = 0;
		};
/* End PBXFrameworksBuildPhase section */

/* Begin PBXGroup section */
		91873CA61C9AEAF700169EAA = {
			isa = PBXGroup;
			children = (
				91873CB11C9AEAF700169EAA /* DeviceGuru */,
				91873CB01C9AEAF700169EAA /* Products */,
			);
			sourceTree = "<group>";
		};
		91873CB01C9AEAF700169EAA /* Products */ = {
			isa = PBXGroup;
			children = (
				91873CAF1C9AEAF700169EAA /* DeviceGuru.app */,
			);
			name = Products;
			sourceTree = "<group>";
		};
		91873CB11C9AEAF700169EAA /* DeviceGuru */ = {
			isa = PBXGroup;
			children = (
				91873CB21C9AEAF700169EAA /* AppDelegate.swift */,
				91873CB41C9AEAF700169EAA /* ViewController.swift */,
				91873CB61C9AEAF700169EAA /* Main.storyboard */,
				91873CB91C9AEAF700169EAA /* Assets.xcassets */,
				91873CBB1C9AEAF700169EAA /* LaunchScreen.storyboard */,
				91873CBE1C9AEAF700169EAA /* Info.plist */,
			);
			path = DeviceGuru;
			sourceTree = "<group>";
		};
/* End PBXGroup section */

/* Begin PBXNativeTarget section */
		91873CAE1C9AEAF700169EAA /* DeviceGuru */ = {
			isa = PBXNativeTarget;
			buildConfigurationList = 91873CC11C9AEAF700169EAA /* Build configuration list for PBXNativeTarget "DeviceGuru" */;
			buildPhases = (
				91873CAB1C9AEAF700169EAA /* Sources */,
				91873CAC1C9AEAF700169EAA /* Frameworks */,
				91873CAD1C9AEAF700169EAA /* Resources */,
			);
			buildRules = (
			);
			dependencies = (
			);
			name = DeviceGuru;
			productName = DeviceGuru;
			productReference = 91873CAF1C9AEAF700169EAA /* DeviceGuru.app */;
			productType = "com.apple.product-type.application";
		};
/* End PBXNativeTarget section */

/* Begin PBXProject section */
		91873CA71C9AEAF700169EAA /* Project object */ = {
			isa = PBXProject;
			attributes = {
				LastSwiftUpdateCheck = 0720;
				LastUpgradeCheck = 0720;
				ORGANIZATIONNAME = "Inder Kumar Rathore";
				TargetAttributes = {
					91873CAE1C9AEAF700169EAA = {
						CreatedOnToolsVersion = 7.2;
					};
				};
			};
			buildConfigurationList = 91873CAA1C9AEAF700169EAA /* Build configuration list for PBXProject "DeviceGuru" */;
			compatibilityVersion = "Xcode 3.2";
			developmentRegion = English;
			hasScannedForEncodings = 0;
			knownRegions = (
				en,
				Base,
			);
			mainGroup = 91873CA61C9AEAF700169EAA;
			productRefGroup = 91873CB01C9AEAF700169EAA /* Products */;
			projectDirPath = "";
			projectRoot = "";
			targets = (
				91873CAE1C9AEAF700169EAA /* DeviceGuru */,
			);
		};
/* End PBXProject section */

/* Begin PBXResourcesBuildPhase section */
		91873CAD1C9AEAF700169EAA /* Resources */ = {
			isa = PBXResourcesBuildPhase;
			buildActionMask = 2147483647;
			files = (
				91873CBD1C9AEAF700169EAA /* LaunchScreen.storyboard in Resources */,
				91873CBA1C9AEAF700169EAA /* Assets.xcassets in Resources */,
				91873CB81C9AEAF700169EAA /* Main.storyboard in Resources */,
			);
			runOnlyForDeploymentPostprocessing = 0;
		};
/* End PBXResourcesBuildPhase section */

/* Begin PBXSourcesBuildPhase section */
		91873CAB1C9AEAF700169EAA /* Sources */ = {
			isa = PBXSourcesBuildPhase;
			buildActionMask = 2147483647;
			files = (
				91873CB51C9AEAF700169EAA /* ViewController.swift in Sources */,
				91873CB31C9AEAF700169EAA /* AppDelegate.swift in Sources */,
			);
			runOnlyForDeploymentPostprocessing = 0;
		};
/* End PBXSourcesBuildPhase section */

/* Begin PBXVariantGroup section */
		91873CB61C9AEAF700169EAA /* Main.storyboard */ = {
			isa = PBXVariantGroup;
			children = (
				91873CB71C9AEAF700169EAA /* Base */,
			);
			name = Main.storyboard;
			sourceTree = "<group>";
		};
		91873CBB1C9AEAF700169EAA /* LaunchScreen.storyboard */ = {
			isa = PBXVariantGroup;
			children = (
				91873CBC1C9AEAF700169EAA /* Base */,
			);
			name = LaunchScreen.storyboard;
			sourceTree = "<group>";
		};
/* End PBXVariantGroup section */

/* Begin XCBuildConfiguration section */
		91873CBF1C9AEAF700169EAA /* Debug */ = {
			isa = XCBuildConfiguration;
			buildSettings = {
				ALWAYS_SEARCH_USER_PATHS = NO;
				CLANG_CXX_LANGUAGE_STANDARD = "gnu++0x";
				CLANG_CXX_LIBRARY = "libc++";
				CLANG_ENABLE_MODULES = YES;
				CLANG_ENABLE_OBJC_ARC = YES;
				CLANG_WARN_BOOL_CONVERSION = YES;
				CLANG_WARN_CONSTANT_CONVERSION = YES;
				CLANG_WARN_DIRECT_OBJC_ISA_USAGE = YES_ERROR;
				CLANG_WARN_EMPTY_BODY = YES;
				CLANG_WARN_ENUM_CONVERSION = YES;
				CLANG_WARN_INT_CONVERSION = YES;
				CLANG_WARN_OBJC_ROOT_CLASS = YES_ERROR;
				CLANG_WARN_UNREACHABLE_CODE = YES;
				CLANG_WARN__DUPLICATE_METHOD_MATCH = YES;
				"CODE_SIGN_IDENTITY[sdk=iphoneos*]" = "iPhone Developer";
				COPY_PHASE_STRIP = NO;
				DEBUG_INFORMATION_FORMAT = dwarf;
				ENABLE_STRICT_OBJC_MSGSEND = YES;
				ENABLE_TESTABILITY = YES;
				GCC_C_LANGUAGE_STANDARD = gnu99;
				GCC_DYNAMIC_NO_PIC = NO;
				GCC_NO_COMMON_BLOCKS = YES;
				GCC_OPTIMIZATION_LEVEL = 0;
				GCC_PREPROCESSOR_DEFINITIONS = (
					"DEBUG=1",
					"$(inherited)",
				);
				GCC_WARN_64_TO_32_BIT_CONVERSION = YES;
				GCC_WARN_ABOUT_RETURN_TYPE = YES_ERROR;
				GCC_WARN_UNDECLARED_SELECTOR = YES;
				GCC_WARN_UNINITIALIZED_AUTOS = YES_AGGRESSIVE;
				GCC_WARN_UNUSED_FUNCTION = YES;
				GCC_WARN_UNUSED_VARIABLE = YES;
				IPHONEOS_DEPLOYMENT_TARGET = 9.2;
				MTL_ENABLE_DEBUG_INFO = YES;
				ONLY_ACTIVE_ARCH = YES;
				SDKROOT = iphoneos;
				SWIFT_OPTIMIZATION_LEVEL = "-Onone";
				TARGETED_DEVICE_FAMILY = "1,2";
			};
			name = Debug;
		};
		91873CC01C9AEAF700169EAA /* Release */ = {
			isa = XCBuildConfiguration;
			buildSettings = {
				ALWAYS_SEARCH_USER_PATHS = NO;
				CLANG_CXX_LANGUAGE_STANDARD = "gnu++0x";
				CLANG_CXX_LIBRARY = "libc++";
				CLANG_ENABLE_MODULES = YES;
				CLANG_ENABLE_OBJC_ARC = YES;
				CLANG_WARN_BOOL_CONVERSION = YES;
				CLANG_WARN_CONSTANT_CONVERSION = YES;
				CLANG_WARN_DIRECT_OBJC_ISA_USAGE = YES_ERROR;
				CLANG_WARN_EMPTY_BODY = YES;
				CLANG_WARN_ENUM_CONVERSION = YES;
				CLANG_WARN_INT_CONVERSION = YES;
				CLANG_WARN_OBJC_ROOT_CLASS = YES_ERROR;
				CLANG_WARN_UNREACHABLE_CODE = YES;
				CLANG_WARN__DUPLICATE_METHOD_MATCH = YES;
				"CODE_SIGN_IDENTITY[sdk=iphoneos*]" = "iPhone Developer";
				COPY_PHASE_STRIP = NO;
				DEBUG_INFORMATION_FORMAT = "dwarf-with-dsym";
				ENABLE_NS_ASSERTIONS = NO;
				ENABLE_STRICT_OBJC_MSGSEND = YES;
				GCC_C_LANGUAGE_STANDARD = gnu99;
				GCC_NO_COMMON_BLOCKS = YES;
				GCC_WARN_64_TO_32_BIT_CONVERSION = YES;
				GCC_WARN_ABOUT_RETURN_TYPE = YES_ERROR;
				GCC_WARN_UNDECLARED_SELECTOR = YES;
				GCC_WARN_UNINITIALIZED_AUTOS = YES_AGGRESSIVE;
				GCC_WARN_UNUSED_FUNCTION = YES;
				GCC_WARN_UNUSED_VARIABLE = YES;
				IPHONEOS_DEPLOYMENT_TARGET = 9.2;
				MTL_ENABLE_DEBUG_INFO = NO;
				SDKROOT = iphoneos;
				TARGETED_DEVICE_FAMILY = "1,2";
				VALIDATE_PRODUCT = YES;
			};
			name = Release;
		};
		91873CC21C9AEAF700169EAA /* Debug */ = {
			isa = XCBuildConfiguration;
			buildSettings = {
				ASSETCATALOG_COMPILER_APPICON_NAME = AppIcon;
				INFOPLIST_FILE = DeviceGuru/Info.plist;
				LD_RUNPATH_SEARCH_PATHS = "$(inherited) @executable_path/Frameworks";
				PRODUCT_BUNDLE_IDENTIFIER = com.rathore.DeviceGuru;
				PRODUCT_NAME = "$(TARGET_NAME)";
			};
			name = Debug;
		};
		91873CC31C9AEAF700169EAA /* Release */ = {
			isa = XCBuildConfiguration;
			buildSettings = {
				ASSETCATALOG_COMPILER_APPICON_NAME = AppIcon;
				INFOPLIST_FILE = DeviceGuru/Info.plist;
				LD_RUNPATH_SEARCH_PATHS = "$(inherited) @executable_path/Frameworks";
				PRODUCT_BUNDLE_IDENTIFIER = com.rathore.DeviceGuru;
				PRODUCT_NAME = "$(TARGET_NAME)";
			};
			name = Release;
		};
/* End XCBuildConfiguration section */

/* Begin XCConfigurationList section */
		91873CAA1C9AEAF700169EAA /* Build configuration list for PBXProject "DeviceGuru" */ = {
			isa = XCConfigurationList;
			buildConfigurations = (
				91873CBF1C9AEAF700169EAA /* Debug */,
				91873CC01C9AEAF700169EAA /* Release */,
			);
			defaultConfigurationIsVisible = 0;
			defaultConfigurationName = Release;
		};
		91873CC11C9AEAF700169EAA /* Build configuration list for PBXNativeTarget "DeviceGuru" */ = {
			isa = XCConfigurationList;
			buildConfigurations = (
				91873CC21C9AEAF700169EAA /* Debug */,
				91873CC31C9AEAF700169EAA /* Release */,
			);
			defaultConfigurationIsVisible = 0;
		};
/* End XCConfigurationList section */
	};
	rootObject = 91873CA71C9AEAF700169EAA /* Project object */;
}
