// !$*UTF8*$!
{
	archiveVersion = 1;
	classes = {
	};
	objectVersion = 46;
	objects = {

/* Begin PBXBuildFile section */
		911ABF711CA126040046C145 /* AppDelegate.swift in Sources */ = {isa = PBXBuildFile; fileRef = 911ABF701CA126040046C145 /* AppDelegate.swift */; };
		911ABF731CA126040046C145 /* ViewController.swift in Sources */ = {isa = PBXBuildFile; fileRef = 911ABF721CA126040046C145 /* ViewController.swift */; };
		911ABF761CA126040046C145 /* Main.storyboard in Resources */ = {isa = PBXBuildFile; fileRef = 911ABF741CA126040046C145 /* Main.storyboard */; };
		911ABF781CA126040046C145 /* Assets.xcassets in Resources */ = {isa = PBXBuildFile; fileRef = 911ABF771CA126040046C145 /* Assets.xcassets */; };
		911ABF7B1CA126040046C145 /* LaunchScreen.storyboard in Resources */ = {isa = PBXBuildFile; fileRef = 911ABF791CA126040046C145 /* LaunchScreen.storyboard */; };
		911ABF841CA126690046C145 /* DeviceGuru.swift in Sources */ = {isa = PBXBuildFile; fileRef = 911ABF821CA126690046C145 /* DeviceGuru.swift */; };
		911ABF851CA126690046C145 /* DeviceList.plist in Resources */ = {isa = PBXBuildFile; fileRef = 911ABF831CA126690046C145 /* DeviceList.plist */; };
		91B221861CA40C49003AA17B /* Hardware.swift in Sources */ = {isa = PBXBuildFile; fileRef = 91B221851CA40C49003AA17B /* Hardware.swift */; };
/* End PBXBuildFile section */

/* Begin PBXFileReference section */
		911ABF6D1CA126040046C145 /* DeviceGuruWithoutPod.app */ = {isa = PBXFileReference; explicitFileType = wrapper.application; includeInIndex = 0; path = DeviceGuruWithoutPod.app; sourceTree = BUILT_PRODUCTS_DIR; };
		911ABF701CA126040046C145 /* AppDelegate.swift */ = {isa = PBXFileReference; lastKnownFileType = sourcecode.swift; path = AppDelegate.swift; sourceTree = "<group>"; };
		911ABF721CA126040046C145 /* ViewController.swift */ = {isa = PBXFileReference; lastKnownFileType = sourcecode.swift; path = ViewController.swift; sourceTree = "<group>"; };
		911ABF751CA126040046C145 /* Base */ = {isa = PBXFileReference; lastKnownFileType = file.storyboard; name = Base; path = Base.lproj/Main.storyboard; sourceTree = "<group>"; };
		911ABF771CA126040046C145 /* Assets.xcassets */ = {isa = PBXFileReference; lastKnownFileType = folder.assetcatalog; path = Assets.xcassets; sourceTree = "<group>"; };
		911ABF7A1CA126040046C145 /* Base */ = {isa = PBXFileReference; lastKnownFileType = file.storyboard; name = Base; path = Base.lproj/LaunchScreen.storyboard; sourceTree = "<group>"; };
		911ABF7C1CA126040046C145 /* Info.plist */ = {isa = PBXFileReference; lastKnownFileType = text.plist.xml; path = Info.plist; sourceTree = "<group>"; };
		911ABF821CA126690046C145 /* DeviceGuru.swift */ = {isa = PBXFileReference; fileEncoding = 4; lastKnownFileType = sourcecode.swift; name = DeviceGuru.swift; path = ../../../DeviceGuru.swift; sourceTree = "<group>"; };
		911ABF831CA126690046C145 /* DeviceList.plist */ = {isa = PBXFileReference; fileEncoding = 4; lastKnownFileType = text.plist.xml; name = DeviceList.plist; path = ../../../DeviceList.plist; sourceTree = "<group>"; };
		91B221851CA40C49003AA17B /* Hardware.swift */ = {isa = PBXFileReference; fileEncoding = 4; lastKnownFileType = sourcecode.swift; name = Hardware.swift; path = ../../../Hardware.swift; sourceTree = "<group>"; };
/* End PBXFileReference section */

/* Begin PBXFrameworksBuildPhase section */
		911ABF6A1CA126040046C145 /* Frameworks */ = {
			isa = PBXFrameworksBuildPhase;
			buildActionMask = 2147483647;
			files = (
			);
			runOnlyForDeploymentPostprocessing = 0;
		};
/* End PBXFrameworksBuildPhase section */

/* Begin PBXGroup section */
		911ABF641CA126040046C145 = {
			isa = PBXGroup;
			children = (
				911ABF6F1CA126040046C145 /* DeviceGuruWithoutPod */,
				911ABF6E1CA126040046C145 /* Products */,
			);
			sourceTree = "<group>";
		};
		911ABF6E1CA126040046C145 /* Products */ = {
			isa = PBXGroup;
			children = (
				911ABF6D1CA126040046C145 /* DeviceGuruWithoutPod.app */,
			);
			name = Products;
			sourceTree = "<group>";
		};
		911ABF6F1CA126040046C145 /* DeviceGuruWithoutPod */ = {
			isa = PBXGroup;
			children = (
				91B221851CA40C49003AA17B /* Hardware.swift */,
				911ABF821CA126690046C145 /* DeviceGuru.swift */,
				911ABF831CA126690046C145 /* DeviceList.plist */,
				911ABF701CA126040046C145 /* AppDelegate.swift */,
				911ABF721CA126040046C145 /* ViewController.swift */,
				911ABF741CA126040046C145 /* Main.storyboard */,
				911ABF771CA126040046C145 /* Assets.xcassets */,
				911ABF791CA126040046C145 /* LaunchScreen.storyboard */,
				911ABF7C1CA126040046C145 /* Info.plist */,
			);
			path = DeviceGuruWithoutPod;
			sourceTree = "<group>";
		};
/* End PBXGroup section */

/* Begin PBXNativeTarget section */
		911ABF6C1CA126040046C145 /* DeviceGuruWithoutPod */ = {
			isa = PBXNativeTarget;
			buildConfigurationList = 911ABF7F1CA126040046C145 /* Build configuration list for PBXNativeTarget "DeviceGuruWithoutPod" */;
			buildPhases = (
				911ABF691CA126040046C145 /* Sources */,
				911ABF6A1CA126040046C145 /* Frameworks */,
				911ABF6B1CA126040046C145 /* Resources */,
			);
			buildRules = (
			);
			dependencies = (
			);
			name = DeviceGuruWithoutPod;
			productName = DeviceGuruWithoutPod;
			productReference = 911ABF6D1CA126040046C145 /* DeviceGuruWithoutPod.app */;
			productType = "com.apple.product-type.application";
		};
/* End PBXNativeTarget section */

/* Begin PBXProject section */
		911ABF651CA126040046C145 /* Project object */ = {
			isa = PBXProject;
			attributes = {
				LastSwiftUpdateCheck = 0720;
				LastUpgradeCheck = 0800;
				ORGANIZATIONNAME = "Inder Kumar Rathore";
				TargetAttributes = {
					911ABF6C1CA126040046C145 = {
						CreatedOnToolsVersion = 7.2;
						DevelopmentTeam = UZ588YPX8M;
						LastSwiftMigration = 0800;
					};
				};
			};
			buildConfigurationList = 911ABF681CA126040046C145 /* Build configuration list for PBXProject "DeviceGuruWithoutPod" */;
			compatibilityVersion = "Xcode 3.2";
			developmentRegion = English;
			hasScannedForEncodings = 0;
			knownRegions = (
				en,
				Base,
			);
			mainGroup = 911ABF641CA126040046C145;
			productRefGroup = 911ABF6E1CA126040046C145 /* Products */;
			projectDirPath = "";
			projectRoot = "";
			targets = (
				911ABF6C1CA126040046C145 /* DeviceGuruWithoutPod */,
			);
		};
/* End PBXProject section */

/* Begin PBXResourcesBuildPhase section */
		911ABF6B1CA126040046C145 /* Resources */ = {
			isa = PBXResourcesBuildPhase;
			buildActionMask = 2147483647;
			files = (
				911ABF7B1CA126040046C145 /* LaunchScreen.storyboard in Resources */,
				911ABF781CA126040046C145 /* Assets.xcassets in Resources */,
				911ABF851CA126690046C145 /* DeviceList.plist in Resources */,
				911ABF761CA126040046C145 /* Main.storyboard in Resources */,
			);
			runOnlyForDeploymentPostprocessing = 0;
		};
/* End PBXResourcesBuildPhase section */

/* Begin PBXSourcesBuildPhase section */
		911ABF691CA126040046C145 /* Sources */ = {
			isa = PBXSourcesBuildPhase;
			buildActionMask = 2147483647;
			files = (
				911ABF841CA126690046C145 /* DeviceGuru.swift in Sources */,
				911ABF731CA126040046C145 /* ViewController.swift in Sources */,
				911ABF711CA126040046C145 /* AppDelegate.swift in Sources */,
				91B221861CA40C49003AA17B /* Hardware.swift in Sources */,
			);
			runOnlyForDeploymentPostprocessing = 0;
		};
/* End PBXSourcesBuildPhase section */

/* Begin PBXVariantGroup section */
		911ABF741CA126040046C145 /* Main.storyboard */ = {
			isa = PBXVariantGroup;
			children = (
				911ABF751CA126040046C145 /* Base */,
			);
			name = Main.storyboard;
			sourceTree = "<group>";
		};
		911ABF791CA126040046C145 /* LaunchScreen.storyboard */ = {
			isa = PBXVariantGroup;
			children = (
				911ABF7A1CA126040046C145 /* Base */,
			);
			name = LaunchScreen.storyboard;
			sourceTree = "<group>";
		};
/* End PBXVariantGroup section */

/* Begin XCBuildConfiguration section */
		911ABF7D1CA126040046C145 /* Debug */ = {
			isa = XCBuildConfiguration;
			buildSettings = {
				ALWAYS_SEARCH_USER_PATHS = NO;
				CLANG_CXX_LANGUAGE_STANDARD = "gnu++0x";
				CLANG_CXX_LIBRARY = "libc++";
				CLANG_ENABLE_MODULES = YES;
				CLANG_ENABLE_OBJC_ARC = YES;
				CLANG_WARN_BOOL_CONVERSION = YES;
				CLANG_WARN_CONSTANT_CONVERSION = YES;
				CLANG_WARN_DIRECT_OBJC_ISA_USAGE = YES_ERROR;
				CLANG_WARN_EMPTY_BODY = YES;
				CLANG_WARN_ENUM_CONVERSION = YES;
				CLANG_WARN_INFINITE_RECURSION = YES;
				CLANG_WARN_INT_CONVERSION = YES;
				CLANG_WARN_OBJC_ROOT_CLASS = YES_ERROR;
				CLANG_WARN_SUSPICIOUS_MOVE = YES;
				CLANG_WARN_UNREACHABLE_CODE = YES;
				CLANG_WARN__DUPLICATE_METHOD_MATCH = YES;
				"CODE_SIGN_IDENTITY[sdk=iphoneos*]" = "iPhone Developer";
				COPY_PHASE_STRIP = NO;
				DEBUG_INFORMATION_FORMAT = dwarf;
				ENABLE_STRICT_OBJC_MSGSEND = YES;
				ENABLE_TESTABILITY = YES;
				GCC_C_LANGUAGE_STANDARD = gnu99;
				GCC_DYNAMIC_NO_PIC = NO;
				GCC_NO_COMMON_BLOCKS = YES;
				GCC_OPTIMIZATION_LEVEL = 0;
				GCC_PREPROCESSOR_DEFINITIONS = (
					"DEBUG=1",
					"$(inherited)",
				);
				GCC_WARN_64_TO_32_BIT_CONVERSION = YES;
				GCC_WARN_ABOUT_RETURN_TYPE = YES_ERROR;
				GCC_WARN_UNDECLARED_SELECTOR = YES;
				GCC_WARN_UNINITIALIZED_AUTOS = YES_AGGRESSIVE;
				GCC_WARN_UNUSED_FUNCTION = YES;
				GCC_WARN_UNUSED_VARIABLE = YES;
				IPHONEOS_DEPLOYMENT_TARGET = 9.2;
				MTL_ENABLE_DEBUG_INFO = YES;
				ONLY_ACTIVE_ARCH = YES;
				SDKROOT = iphoneos;
				SWIFT_OPTIMIZATION_LEVEL = "-Onone";
				TARGETED_DEVICE_FAMILY = "1,2";
			};
			name = Debug;
		};
		911ABF7E1CA126040046C145 /* Release */ = {
			isa = XCBuildConfiguration;
			buildSettings = {
				ALWAYS_SEARCH_USER_PATHS = NO;
				CLANG_CXX_LANGUAGE_STANDARD = "gnu++0x";
				CLANG_CXX_LIBRARY = "libc++";
				CLANG_ENABLE_MODULES = YES;
				CLANG_ENABLE_OBJC_ARC = YES;
				CLANG_WARN_BOOL_CONVERSION = YES;
				CLANG_WARN_CONSTANT_CONVERSION = YES;
				CLANG_WARN_DIRECT_OBJC_ISA_USAGE = YES_ERROR;
				CLANG_WARN_EMPTY_BODY = YES;
				CLANG_WARN_ENUM_CONVERSION = YES;
				CLANG_WARN_INFINITE_RECURSION = YES;
				CLANG_WARN_INT_CONVERSION = YES;
				CLANG_WARN_OBJC_ROOT_CLASS = YES_ERROR;
				CLANG_WARN_SUSPICIOUS_MOVE = YES;
				CLANG_WARN_UNREACHABLE_CODE = YES;
				CLANG_WARN__DUPLICATE_METHOD_MATCH = YES;
				"CODE_SIGN_IDENTITY[sdk=iphoneos*]" = "iPhone Developer";
				COPY_PHASE_STRIP = NO;
				DEBUG_INFORMATION_FORMAT = "dwarf-with-dsym";
				ENABLE_NS_ASSERTIONS = NO;
				ENABLE_STRICT_OBJC_MSGSEND = YES;
				GCC_C_LANGUAGE_STANDARD = gnu99;
				GCC_NO_COMMON_BLOCKS = YES;
				GCC_WARN_64_TO_32_BIT_CONVERSION = YES;
				GCC_WARN_ABOUT_RETURN_TYPE = YES_ERROR;
				GCC_WARN_UNDECLARED_SELECTOR = YES;
				GCC_WARN_UNINITIALIZED_AUTOS = YES_AGGRESSIVE;
				GCC_WARN_UNUSED_FUNCTION = YES;
				GCC_WARN_UNUSED_VARIABLE = YES;
				IPHONEOS_DEPLOYMENT_TARGET = 9.2;
				MTL_ENABLE_DEBUG_INFO = NO;
				SDKROOT = iphoneos;
				SWIFT_OPTIMIZATION_LEVEL = "-Owholemodule";
				TARGETED_DEVICE_FAMILY = "1,2";
				VALIDATE_PRODUCT = YES;
			};
			name = Release;
		};
		911ABF801CA126040046C145 /* Debug */ = {
			isa = XCBuildConfiguration;
			buildSettings = {
				ASSETCATALOG_COMPILER_APPICON_NAME = AppIcon;
				CODE_SIGN_IDENTITY = "iPhone Developer";
				"CODE_SIGN_IDENTITY[sdk=iphoneos*]" = "iPhone Developer";
				INFOPLIST_FILE = DeviceGuruWithoutPod/Info.plist;
				LD_RUNPATH_SEARCH_PATHS = "$(inherited) @executable_path/Frameworks";
				PRODUCT_BUNDLE_IDENTIFIER = com.rathore.DeviceGuruWithoutPod;
				PRODUCT_NAME = "$(TARGET_NAME)";
				PROVISIONING_PROFILE = "";
				SWIFT_VERSION = 3.0;
			};
			name = Debug;
		};
		911ABF811CA126040046C145 /* Release */ = {
			isa = XCBuildConfiguration;
			buildSettings = {
				ASSETCATALOG_COMPILER_APPICON_NAME = AppIcon;
				CODE_SIGN_IDENTITY = "iPhone Developer";
				"CODE_SIGN_IDENTITY[sdk=iphoneos*]" = "iPhone Developer";
				INFOPLIST_FILE = DeviceGuruWithoutPod/Info.plist;
				LD_RUNPATH_SEARCH_PATHS = "$(inherited) @executable_path/Frameworks";
				PRODUCT_BUNDLE_IDENTIFIER = com.rathore.DeviceGuruWithoutPod;
				PRODUCT_NAME = "$(TARGET_NAME)";
				PROVISIONING_PROFILE = "";
				SWIFT_VERSION = 3.0;
			};
			name = Release;
		};
/* End XCBuildConfiguration section */

/* Begin XCConfigurationList section */
		911ABF681CA126040046C145 /* Build configuration list for PBXProject "DeviceGuruWithoutPod" */ = {
			isa = XCConfigurationList;
			buildConfigurations = (
				911ABF7D1CA126040046C145 /* Debug */,
				911ABF7E1CA126040046C145 /* Release */,
			);
			defaultConfigurationIsVisible = 0;
			defaultConfigurationName = Release;
		};
		911ABF7F1CA126040046C145 /* Build configuration list for PBXNativeTarget "DeviceGuruWithoutPod" */ = {
			isa = XCConfigurationList;
			buildConfigurations = (
				911ABF801CA126040046C145 /* Debug */,
				911ABF811CA126040046C145 /* Release */,
			);
			defaultConfigurationIsVisible = 0;
			defaultConfigurationName = Release;
		};
/* End XCConfigurationList section */
	};
	rootObject = 911ABF651CA126040046C145 /* Project object */;
}
