// !$*UTF8*$!
{
	archiveVersion = 1;
	classes = {
	};
	objectVersion = 52;
	objects = {

/* Begin PBXBuildFile section */
		1DE950082838ED870064A28D /* ContentViewNew.swift in Sources */ = {isa = PBXBuildFile; fileRef = 1DE950072838ED870064A28D /* ContentViewNew.swift */; };
		41495636254DFA34000A30D2 /* DeviceGuru in Frameworks */ = {isa = PBXBuildFile; productRef = 41495635254DFA34000A30D2 /* DeviceGuru */; };
		41513A06254DD985005B6BDB /* DeviceGuruExampleApp.swift in Sources */ = {isa = PBXBuildFile; fileRef = 41513A05254DD985005B6BDB /* DeviceGuruExampleApp.swift */; };
		41513A08254DD985005B6BDB /* ContentView.swift in Sources */ = {isa = PBXBuildFile; fileRef = 41513A07254DD985005B6BDB /* ContentView.swift */; };
		41513A0A254DD985005B6BDB /* Assets.xcassets in Resources */ = {isa = PBXBuildFile; fileRef = 41513A09254DD985005B6BDB /* Assets.xcassets */; };
		41513A0D254DD985005B6BDB /* Preview Assets.xcassets in Resources */ = {isa = PBXBuildFile; fileRef = 41513A0C254DD985005B6BDB /* Preview Assets.xcassets */; };
/* End PBXBuildFile section */

/* Begin PBXFileReference section */
		1DE950072838ED870064A28D /* ContentViewNew.swift */ = {isa = PBXFileReference; fileEncoding = 4; lastKnownFileType = sourcecode.swift; path = ContentViewNew.swift; sourceTree = "<group>"; };
		41513A02254DD985005B6BDB /* DeviceGuruExample.app */ = {isa = PBXFileReference; explicitFileType = wrapper.application; includeInIndex = 0; path = DeviceGuruExample.app; sourceTree = BUILT_PRODUCTS_DIR; };
		41513A05254DD985005B6BDB /* DeviceGuruExampleApp.swift */ = {isa = PBXFileReference; lastKnownFileType = sourcecode.swift; path = DeviceGuruExampleApp.swift; sourceTree = "<group>"; };
		41513A07254DD985005B6BDB /* ContentView.swift */ = {isa = PBXFileReference; lastKnownFileType = sourcecode.swift; path = ContentView.swift; sourceTree = "<group>"; };
		41513A09254DD985005B6BDB /* Assets.xcassets */ = {isa = PBXFileReference; lastKnownFileType = folder.assetcatalog; path = Assets.xcassets; sourceTree = "<group>"; };
		41513A0C254DD985005B6BDB /* Preview Assets.xcassets */ = {isa = PBXFileReference; lastKnownFileType = folder.assetcatalog; path = "Preview Assets.xcassets"; sourceTree = "<group>"; };
		41513A0E254DD985005B6BDB /* Info.plist */ = {isa = PBXFileReference; lastKnownFileType = text.plist.xml; path = Info.plist; sourceTree = "<group>"; };
/* End PBXFileReference section */

/* Begin PBXFrameworksBuildPhase section */
		415139FF254DD985005B6BDB /* Frameworks */ = {
			isa = PBXFrameworksBuildPhase;
			buildActionMask = 2147483647;
			files = (
				41495636254DFA34000A30D2 /* DeviceGuru in Frameworks */,
			);
			runOnlyForDeploymentPostprocessing = 0;
		};
/* End PBXFrameworksBuildPhase section */

/* Begin PBXGroup section */
		415139F9254DD985005B6BDB = {
			isa = PBXGroup;
			children = (
				41513A04254DD985005B6BDB /* DeviceGuruExample */,
				41513A03254DD985005B6BDB /* Products */,
				41513A1C254DDF6D005B6BDB /* Frameworks */,
			);
			sourceTree = "<group>";
		};
		41513A03254DD985005B6BDB /* Products */ = {
			isa = PBXGroup;
			children = (
				41513A02254DD985005B6BDB /* DeviceGuruExample.app */,
			);
			name = Products;
			sourceTree = "<group>";
		};
		41513A04254DD985005B6BDB /* DeviceGuruExample */ = {
			isa = PBXGroup;
			children = (
				41513A05254DD985005B6BDB /* DeviceGuruExampleApp.swift */,
				41513A07254DD985005B6BDB /* ContentView.swift */,
				1DE950072838ED870064A28D /* ContentViewNew.swift */,
				41513A09254DD985005B6BDB /* Assets.xcassets */,
				41513A0E254DD985005B6BDB /* Info.plist */,
				41513A0B254DD985005B6BDB /* Preview Content */,
			);
			path = DeviceGuruExample;
			sourceTree = "<group>";
		};
		41513A0B254DD985005B6BDB /* Preview Content */ = {
			isa = PBXGroup;
			children = (
				41513A0C254DD985005B6BDB /* Preview Assets.xcassets */,
			);
			path = "Preview Content";
			sourceTree = "<group>";
		};
		41513A1C254DDF6D005B6BDB /* Frameworks */ = {
			isa = PBXGroup;
			children = (
			);
			name = Frameworks;
			sourceTree = "<group>";
		};
/* End PBXGroup section */

/* Begin PBXNativeTarget section */
		41513A01254DD985005B6BDB /* DeviceGuruExample */ = {
			isa = PBXNativeTarget;
			buildConfigurationList = 41513A11254DD985005B6BDB /* Build configuration list for PBXNativeTarget "DeviceGuruExample" */;
			buildPhases = (
				415139FE254DD985005B6BDB /* Sources */,
				415139FF254DD985005B6BDB /* Frameworks */,
				41513A00254DD985005B6BDB /* Resources */,
			);
			buildRules = (
			);
			dependencies = (
			);
			name = DeviceGuruExample;
			packageProductDependencies = (
				41495635254DFA34000A30D2 /* DeviceGuru */,
			);
			productName = DeviceGuruExample;
			productReference = 41513A02254DD985005B6BDB /* DeviceGuruExample.app */;
			productType = "com.apple.product-type.application";
		};
/* End PBXNativeTarget section */

/* Begin PBXProject section */
		415139FA254DD985005B6BDB /* Project object */ = {
			isa = PBXProject;
			attributes = {
				LastSwiftUpdateCheck = 1210;
				LastUpgradeCheck = 1210;
				TargetAttributes = {
					41513A01254DD985005B6BDB = {
						CreatedOnToolsVersion = 12.1;
					};
				};
			};
			buildConfigurationList = 415139FD254DD985005B6BDB /* Build configuration list for PBXProject "DeviceGuruExample" */;
			compatibilityVersion = "Xcode 9.3";
			developmentRegion = en;
			hasScannedForEncodings = 0;
			knownRegions = (
				en,
				Base,
			);
			mainGroup = 415139F9254DD985005B6BDB;
			packageReferences = (
				41495634254DFA34000A30D2 /* XCRemoteSwiftPackageReference "DeviceGuru" */,
			);
			productRefGroup = 41513A03254DD985005B6BDB /* Products */;
			projectDirPath = "";
			projectRoot = "";
			targets = (
				41513A01254DD985005B6BDB /* DeviceGuruExample */,
			);
		};
/* End PBXProject section */

/* Begin PBXResourcesBuildPhase section */
		41513A00254DD985005B6BDB /* Resources */ = {
			isa = PBXResourcesBuildPhase;
			buildActionMask = 2147483647;
			files = (
				41513A0D254DD985005B6BDB /* Preview Assets.xcassets in Resources */,
				41513A0A254DD985005B6BDB /* Assets.xcassets in Resources */,
			);
			runOnlyForDeploymentPostprocessing = 0;
		};
/* End PBXResourcesBuildPhase section */

/* Begin PBXSourcesBuildPhase section */
		415139FE254DD985005B6BDB /* Sources */ = {
			isa = PBXSourcesBuildPhase;
			buildActionMask = 2147483647;
			files = (
				1DE950082838ED870064A28D /* ContentViewNew.swift in Sources */,
				41513A08254DD985005B6BDB /* ContentView.swift in Sources */,
				41513A06254DD985005B6BDB /* DeviceGuruExampleApp.swift in Sources */,
			);
			runOnlyForDeploymentPostprocessing = 0;
		};
/* End PBXSourcesBuildPhase section */

/* Begin XCBuildConfiguration section */
		41513A0F254DD985005B6BDB /* Debug */ = {
			isa = XCBuildConfiguration;
			buildSettings = {
				ALWAYS_SEARCH_USER_PATHS = NO;
				CLANG_ANALYZER_NONNULL = YES;
				CLANG_ANALYZER_NUMBER_OBJECT_CONVERSION = YES_AGGRESSIVE;
				CLANG_CXX_LANGUAGE_STANDARD = "gnu++14";
				CLANG_CXX_LIBRARY = "libc++";
				CLANG_ENABLE_MODULES = YES;
				CLANG_ENABLE_OBJC_ARC = YES;
				CLANG_ENABLE_OBJC_WEAK = YES;
				CLANG_WARN_BLOCK_CAPTURE_AUTORELEASING = YES;
				CLANG_WARN_BOOL_CONVERSION = YES;
				CLANG_WARN_COMMA = YES;
				CLANG_WARN_CONSTANT_CONVERSION = YES;
				CLANG_WARN_DEPRECATED_OBJC_IMPLEMENTATIONS = YES;
				CLANG_WARN_DIRECT_OBJC_ISA_USAGE = YES_ERROR;
				CLANG_WARN_DOCUMENTATION_COMMENTS = YES;
				CLANG_WARN_EMPTY_BODY = YES;
				CLANG_WARN_ENUM_CONVERSION = YES;
				CLANG_WARN_INFINITE_RECURSION = YES;
				CLANG_WARN_INT_CONVERSION = YES;
				CLANG_WARN_NON_LITERAL_NULL_CONVERSION = YES;
				CLANG_WARN_OBJC_IMPLICIT_RETAIN_SELF = YES;
				CLANG_WARN_OBJC_LITERAL_CONVERSION = YES;
				CLANG_WARN_OBJC_ROOT_CLASS = YES_ERROR;
				CLANG_WARN_QUOTED_INCLUDE_IN_FRAMEWORK_HEADER = YES;
				CLANG_WARN_RANGE_LOOP_ANALYSIS = YES;
				CLANG_WARN_STRICT_PROTOTYPES = YES;
				CLANG_WARN_SUSPICIOUS_MOVE = YES;
				CLANG_WARN_UNGUARDED_AVAILABILITY = YES_AGGRESSIVE;
				CLANG_WARN_UNREACHABLE_CODE = YES;
				CLANG_WARN__DUPLICATE_METHOD_MATCH = YES;
				COPY_PHASE_STRIP = NO;
				DEBUG_INFORMATION_FORMAT = dwarf;
				ENABLE_STRICT_OBJC_MSGSEND = YES;
				ENABLE_TESTABILITY = YES;
				GCC_C_LANGUAGE_STANDARD = gnu11;
				GCC_DYNAMIC_NO_PIC = NO;
				GCC_NO_COMMON_BLOCKS = YES;
				GCC_OPTIMIZATION_LEVEL = 0;
				GCC_PREPROCESSOR_DEFINITIONS = (
					"DEBUG=1",
					"$(inherited)",
				);
				GCC_WARN_64_TO_32_BIT_CONVERSION = YES;
				GCC_WARN_ABOUT_RETURN_TYPE = YES_ERROR;
				GCC_WARN_UNDECLARED_SELECTOR = YES;
				GCC_WARN_UNINITIALIZED_AUTOS = YES_AGGRESSIVE;
				GCC_WARN_UNUSED_FUNCTION = YES;
				GCC_WARN_UNUSED_VARIABLE = YES;
				IPHONEOS_DEPLOYMENT_TARGET = 14.1;
				MTL_ENABLE_DEBUG_INFO = INCLUDE_SOURCE;
				MTL_FAST_MATH = YES;
				ONLY_ACTIVE_ARCH = YES;
				SDKROOT = iphoneos;
				SWIFT_ACTIVE_COMPILATION_CONDITIONS = DEBUG;
				SWIFT_OPTIMIZATION_LEVEL = "-Onone";
			};
			name = Debug;
		};
		41513A10254DD985005B6BDB /* Release */ = {
			isa = XCBuildConfiguration;
			buildSettings = {
				ALWAYS_SEARCH_USER_PATHS = NO;
				CLANG_ANALYZER_NONNULL = YES;
				CLANG_ANALYZER_NUMBER_OBJECT_CONVERSION = YES_AGGRESSIVE;
				CLANG_CXX_LANGUAGE_STANDARD = "gnu++14";
				CLANG_CXX_LIBRARY = "libc++";
				CLANG_ENABLE_MODULES = YES;
				CLANG_ENABLE_OBJC_ARC = YES;
				CLANG_ENABLE_OBJC_WEAK = YES;
				CLANG_WARN_BLOCK_CAPTURE_AUTORELEASING = YES;
				CLANG_WARN_BOOL_CONVERSION = YES;
				CLANG_WARN_COMMA = YES;
				CLANG_WARN_CONSTANT_CONVERSION = YES;
				CLANG_WARN_DEPRECATED_OBJC_IMPLEMENTATIONS = YES;
				CLANG_WARN_DIRECT_OBJC_ISA_USAGE = YES_ERROR;
				CLANG_WARN_DOCUMENTATION_COMMENTS = YES;
				CLANG_WARN_EMPTY_BODY = YES;
				CLANG_WARN_ENUM_CONVERSION = YES;
				CLANG_WARN_INFINITE_RECURSION = YES;
				CLANG_WARN_INT_CONVERSION = YES;
				CLANG_WARN_NON_LITERAL_NULL_CONVERSION = YES;
				CLANG_WARN_OBJC_IMPLICIT_RETAIN_SELF = YES;
				CLANG_WARN_OBJC_LITERAL_CONVERSION = YES;
				CLANG_WARN_OBJC_ROOT_CLASS = YES_ERROR;
				CLANG_WARN_QUOTED_INCLUDE_IN_FRAMEWORK_HEADER = YES;
				CLANG_WARN_RANGE_LOOP_ANALYSIS = YES;
				CLANG_WARN_STRICT_PROTOTYPES = YES;
				CLANG_WARN_SUSPICIOUS_MOVE = YES;
				CLANG_WARN_UNGUARDED_AVAILABILITY = YES_AGGRESSIVE;
				CLANG_WARN_UNREACHABLE_CODE = YES;
				CLANG_WARN__DUPLICATE_METHOD_MATCH = YES;
				COPY_PHASE_STRIP = NO;
				DEBUG_INFORMATION_FORMAT = "dwarf-with-dsym";
				ENABLE_NS_ASSERTIONS = NO;
				ENABLE_STRICT_OBJC_MSGSEND = YES;
				GCC_C_LANGUAGE_STANDARD = gnu11;
				GCC_NO_COMMON_BLOCKS = YES;
				GCC_WARN_64_TO_32_BIT_CONVERSION = YES;
				GCC_WARN_ABOUT_RETURN_TYPE = YES_ERROR;
				GCC_WARN_UNDECLARED_SELECTOR = YES;
				GCC_WARN_UNINITIALIZED_AUTOS = YES_AGGRESSIVE;
				GCC_WARN_UNUSED_FUNCTION = YES;
				GCC_WARN_UNUSED_VARIABLE = YES;
				IPHONEOS_DEPLOYMENT_TARGET = 14.1;
				MTL_ENABLE_DEBUG_INFO = NO;
				MTL_FAST_MATH = YES;
				SDKROOT = iphoneos;
				SWIFT_COMPILATION_MODE = wholemodule;
				SWIFT_OPTIMIZATION_LEVEL = "-O";
				VALIDATE_PRODUCT = YES;
			};
			name = Release;
		};
		41513A12254DD985005B6BDB /* Debug */ = {
			isa = XCBuildConfiguration;
			buildSettings = {
				ASSETCATALOG_COMPILER_APPICON_NAME = AppIcon;
				ASSETCATALOG_COMPILER_GLOBAL_ACCENT_COLOR_NAME = AccentColor;
				CODE_SIGN_STYLE = Automatic;
				DEVELOPMENT_ASSET_PATHS = "\"DeviceGuruExample/Preview Content\"";
				ENABLE_PREVIEWS = YES;
				INFOPLIST_FILE = DeviceGuruExample/Info.plist;
				IPHONEOS_DEPLOYMENT_TARGET = 14.0;
				LD_RUNPATH_SEARCH_PATHS = (
					"$(inherited)",
					"@executable_path/Frameworks",
				);
				PRODUCT_BUNDLE_IDENTIFIER = com.DeviceGuru.DeviceGuruExample;
				PRODUCT_NAME = "$(TARGET_NAME)";
				SWIFT_VERSION = 5.0;
				TARGETED_DEVICE_FAMILY = "1,2";
			};
			name = Debug;
		};
		41513A13254DD985005B6BDB /* Release */ = {
			isa = XCBuildConfiguration;
			buildSettings = {
				ASSETCATALOG_COMPILER_APPICON_NAME = AppIcon;
				ASSETCATALOG_COMPILER_GLOBAL_ACCENT_COLOR_NAME = AccentColor;
				CODE_SIGN_STYLE = Automatic;
				DEVELOPMENT_ASSET_PATHS = "\"DeviceGuruExample/Preview Content\"";
				ENABLE_PREVIEWS = YES;
				INFOPLIST_FILE = DeviceGuruExample/Info.plist;
				IPHONEOS_DEPLOYMENT_TARGET = 14.0;
				LD_RUNPATH_SEARCH_PATHS = (
					"$(inherited)",
					"@executable_path/Frameworks",
				);
				PRODUCT_BUNDLE_IDENTIFIER = com.DeviceGuru.DeviceGuruExample;
				PRODUCT_NAME = "$(TARGET_NAME)";
				SWIFT_VERSION = 5.0;
				TARGETED_DEVICE_FAMILY = "1,2";
			};
			name = Release;
		};
/* End XCBuildConfiguration section */

/* Begin XCConfigurationList section */
		415139FD254DD985005B6BDB /* Build configuration list for PBXProject "DeviceGuruExample" */ = {
			isa = XCConfigurationList;
			buildConfigurations = (
				41513A0F254DD985005B6BDB /* Debug */,
				41513A10254DD985005B6BDB /* Release */,
			);
			defaultConfigurationIsVisible = 0;
			defaultConfigurationName = Release;
		};
		41513A11254DD985005B6BDB /* Build configuration list for PBXNativeTarget "DeviceGuruExample" */ = {
			isa = XCConfigurationList;
			buildConfigurations = (
				41513A12254DD985005B6BDB /* Debug */,
				41513A13254DD985005B6BDB /* Release */,
			);
			defaultConfigurationIsVisible = 0;
			defaultConfigurationName = Release;
		};
/* End XCConfigurationList section */

/* Begin XCRemoteSwiftPackageReference section */
		41495634254DFA34000A30D2 /* XCRemoteSwiftPackageReference "DeviceGuru" */ = {
			isa = XCRemoteSwiftPackageReference;
			repositoryURL = "https://github.com/InderKumarRathore/DeviceGuru";
			requirement = {
				branch = master;
				kind = branch;
			};
		};
/* End XCRemoteSwiftPackageReference section */

/* Begin XCSwiftPackageProductDependency section */
		41495635254DFA34000A30D2 /* DeviceGuru */ = {
			isa = XCSwiftPackageProductDependency;
			package = 41495634254DFA34000A30D2 /* XCRemoteSwiftPackageReference "DeviceGuru" */;
			productName = DeviceGuru;
		};
/* End XCSwiftPackageProductDependency section */
	};
	rootObject = 415139FA254DD985005B6BDB /* Project object */;
}
